
Microsoft Visual Studio Solution File, Format Version 12.00
# Visual Studio Version 17
VisualStudioVersion = 17.10.35013.160
MinimumVisualStudioVersion = 10.0.40219.1
Project("{FAE04EC0-301F-11D3-BF4B-00C04F79EFBC}") = "Examen_II", "Examen_II\Examen_II.csproj", "{D96CA58D-3766-42EE-AF7C-6C9607F03611}"
EndProject
Global
	GlobalSection(SolutionConfigurationPlatforms) = preSolution
		Debug|Any CPU = Debug|Any CPU
		Release|Any CPU = Release|Any CPU
	EndGlobalSection
	GlobalSection(ProjectConfigurationPlatforms) = postSolution
		{D96CA58D-3766-42EE-AF7C-6C9607F03611}.Debug|Any CPU.ActiveCfg = Debug|Any CPU
		{D96CA58D-3766-42EE-AF7C-6C9607F03611}.Debug|Any CPU.Build.0 = Debug|Any CPU
		{D96CA58D-3766-42EE-AF7C-6C9607F03611}.Release|Any CPU.ActiveCfg = Release|Any CPU
		{D96CA58D-3766-42EE-AF7C-6C9607F03611}.Release|Any CPU.Build.0 = Release|Any CPU
	EndGlobalSection
	GlobalSection(SolutionProperties) = preSolution
		HideSolutionNode = FALSE
	EndGlobalSection
	GlobalSection(ExtensibilityGlobals) = postSolution
		SolutionGuid = {61E156D5-2C13-49EA-B7BA-316E3340B527}
	EndGlobalSection
EndGlobal
